
Microsoft Visual Studio Solution File, Format Version 12.00
# Visual Studio Version 17
VisualStudioVersion = 17.2.32616.157
MinimumVisualStudioVersion = 10.0.40219.1
Project("{9A19103F-16F7-4668-BE54-9A1E7A4F7556}") = "BootstrapBlazor.Client", "BootstrapBlazor.Client\BootstrapBlazor.Client.csproj", "{2319574B-B74A-4E1D-A647-BC6CE3ACB97D}"
EndProject
Project("{9A19103F-16F7-4668-BE54-9A1E7A4F7556}") = "BootstrapBlazor.Component.Library", "BootstrapBlazor.Component.Library\BootstrapBlazor.Component.Library.csproj", "{ABC30298-0287-4F46-B0FB-EAE7DEBF32A0}"
EndProject
Global
	GlobalSection(SolutionConfigurationPlatforms) = preSolution
		Debug|Any CPU = Debug|Any CPU
		Release|Any CPU = Release|Any CPU
	EndGlobalSection
	GlobalSection(ProjectConfigurationPlatforms) = postSolution
		{2319574B-B74A-4E1D-A647-BC6CE3ACB97D}.Debug|Any CPU.ActiveCfg = Debug|Any CPU
		{2319574B-B74A-4E1D-A647-BC6CE3ACB97D}.Debug|Any CPU.Build.0 = Debug|Any CPU
		{2319574B-B74A-4E1D-A647-BC6CE3ACB97D}.Release|Any CPU.ActiveCfg = Release|Any CPU
		{2319574B-B74A-4E1D-A647-BC6CE3ACB97D}.Release|Any CPU.Build.0 = Release|Any CPU
		{ABC30298-0287-4F46-B0FB-EAE7DEBF32A0}.Debug|Any CPU.ActiveCfg = Debug|Any CPU
		{ABC30298-0287-4F46-B0FB-EAE7DEBF32A0}.Debug|Any CPU.Build.0 = Debug|Any CPU
		{ABC30298-0287-4F46-B0FB-EAE7DEBF32A0}.Release|Any CPU.ActiveCfg = Release|Any CPU
		{ABC30298-0287-4F46-B0FB-EAE7DEBF32A0}.Release|Any CPU.Build.0 = Release|Any CPU
	EndGlobalSection
	GlobalSection(SolutionProperties) = preSolution
		HideSolutionNode = FALSE
	EndGlobalSection
	GlobalSection(ExtensibilityGlobals) = postSolution
		SolutionGuid = {D7CFE6BB-DA58-4322-9559-670D19F66902}
	EndGlobalSection
EndGlobal
